
Microsoft Visual Studio Solution File, Format Version 10.00
# Visual Studio 2008
Project("{8BC9CEB8-8B4A-11D0-8D11-00A0C91BC942}") = "AfxScratch", "AfxScratch.2008.vcproj", "{F3411BBB-E606-4138-8241-DB47C5BADF4B}"
	ProjectSection(ProjectDependencies) = postProject
		{55F49127-D37F-4C01-861A-55ACC3A71242} = {55F49127-D37F-4C01-861A-55ACC3A71242}
		{6B7749EE-74DF-496C-9EBE-0E6C73CAA50B} = {6B7749EE-74DF-496C-9EBE-0E6C73CAA50B}
	EndProjectSection
EndProject
Project("{8BC9CEB8-8B4A-11D0-8D11-00A0C91BC942}") = "AfxGadgets", "..\Repository\AfxGadgets\AfxGadgets.2008.vcproj", "{6B7749EE-74DF-496C-9EBE-0E6C73CAA50B}"
EndProject
Project("{8BC9CEB8-8B4A-11D0-8D11-00A0C91BC942}") = "CodeProject", "..\Repository\CodeProject\CodeProject.2008.vcproj", "{55F49127-D37F-4C01-861A-55ACC3A71242}"
EndProject
Global
	GlobalSection(SolutionConfigurationPlatforms) = preSolution
		MBCS Debug|Win32 = MBCS Debug|Win32
		MBCS Release|Win32 = MBCS Release|Win32
		Unicode Debug|Win32 = Unicode Debug|Win32
		Unicode Release|Win32 = Unicode Release|Win32
	EndGlobalSection
	GlobalSection(ProjectConfigurationPlatforms) = postSolution
		{F3411BBB-E606-4138-8241-DB47C5BADF4B}.MBCS Debug|Win32.ActiveCfg = MBCS Debug|Win32
		{F3411BBB-E606-4138-8241-DB47C5BADF4B}.MBCS Debug|Win32.Build.0 = MBCS Debug|Win32
		{F3411BBB-E606-4138-8241-DB47C5BADF4B}.MBCS Release|Win32.ActiveCfg = MBCS Release|Win32
		{F3411BBB-E606-4138-8241-DB47C5BADF4B}.MBCS Release|Win32.Build.0 = MBCS Release|Win32
		{F3411BBB-E606-4138-8241-DB47C5BADF4B}.Unicode Debug|Win32.ActiveCfg = Unicode Debug|Win32
		{F3411BBB-E606-4138-8241-DB47C5BADF4B}.Unicode Debug|Win32.Build.0 = Unicode Debug|Win32
		{F3411BBB-E606-4138-8241-DB47C5BADF4B}.Unicode Release|Win32.ActiveCfg = Unicode Release|Win32
		{F3411BBB-E606-4138-8241-DB47C5BADF4B}.Unicode Release|Win32.Build.0 = Unicode Release|Win32
		{6B7749EE-74DF-496C-9EBE-0E6C73CAA50B}.MBCS Debug|Win32.ActiveCfg = MBCS Debug|Win32
		{6B7749EE-74DF-496C-9EBE-0E6C73CAA50B}.MBCS Debug|Win32.Build.0 = MBCS Debug|Win32
		{6B7749EE-74DF-496C-9EBE-0E6C73CAA50B}.MBCS Release|Win32.ActiveCfg = MBCS Release|Win32
		{6B7749EE-74DF-496C-9EBE-0E6C73CAA50B}.MBCS Release|Win32.Build.0 = MBCS Release|Win32
		{6B7749EE-74DF-496C-9EBE-0E6C73CAA50B}.Unicode Debug|Win32.ActiveCfg = Unicode Debug|Win32
		{6B7749EE-74DF-496C-9EBE-0E6C73CAA50B}.Unicode Debug|Win32.Build.0 = Unicode Debug|Win32
		{6B7749EE-74DF-496C-9EBE-0E6C73CAA50B}.Unicode Release|Win32.ActiveCfg = Unicode Release|Win32
		{6B7749EE-74DF-496C-9EBE-0E6C73CAA50B}.Unicode Release|Win32.Build.0 = Unicode Release|Win32
		{55F49127-D37F-4C01-861A-55ACC3A71242}.MBCS Debug|Win32.ActiveCfg = MBCS Debug|Win32
		{55F49127-D37F-4C01-861A-55ACC3A71242}.MBCS Debug|Win32.Build.0 = MBCS Debug|Win32
		{55F49127-D37F-4C01-861A-55ACC3A71242}.MBCS Release|Win32.ActiveCfg = MBCS Release|Win32
		{55F49127-D37F-4C01-861A-55ACC3A71242}.MBCS Release|Win32.Build.0 = MBCS Release|Win32
		{55F49127-D37F-4C01-861A-55ACC3A71242}.Unicode Debug|Win32.ActiveCfg = Unicode Debug|Win32
		{55F49127-D37F-4C01-861A-55ACC3A71242}.Unicode Debug|Win32.Build.0 = Unicode Debug|Win32
		{55F49127-D37F-4C01-861A-55ACC3A71242}.Unicode Release|Win32.ActiveCfg = Unicode Release|Win32
		{55F49127-D37F-4C01-861A-55ACC3A71242}.Unicode Release|Win32.Build.0 = Unicode Release|Win32
	EndGlobalSection
	GlobalSection(SolutionProperties) = preSolution
		HideSolutionNode = FALSE
	EndGlobalSection
EndGlobal
