Microsoft Visual Studio Solution File, Format Version 7.00
Project("{8BC9CEB8-8B4A-11D0-8D11-00A0C91BC942}") = "AfxScratch", "AfxScratch70.vcproj", "{93F352DB-6470-42FA-AC4C-2A3E621C38A8}"
EndProject
Project("{8BC9CEB8-8B4A-11D0-8D11-00A0C91BC942}") = "AfxGadgets", "..\Repository\AfxGadgets\AfxGadgets70.vcproj", "{C1ED1032-6C88-4591-B881-9B61592B7805}"
EndProject
Project("{8BC9CEB8-8B4A-11D0-8D11-00A0C91BC942}") = "CodeProject", "..\Repository\CodeProject\CodeProject70.vcproj", "{9A5B0E8A-CCDD-42BB-BAF1-C64F9E62B4DA}"
EndProject
Global
	GlobalSection(SolutionConfiguration) = preSolution
		ConfigName.0 = MBCS_Debug
		ConfigName.1 = MBCS_Release
		ConfigName.2 = Unicode_Debug
		ConfigName.3 = Unicode_Release
	EndGlobalSection
	GlobalSection(ProjectDependencies) = postSolution
		{93F352DB-6470-42FA-AC4C-2A3E621C38A8}.0 = {C1ED1032-6C88-4591-B881-9B61592B7805}
		{93F352DB-6470-42FA-AC4C-2A3E621C38A8}.1 = {9A5B0E8A-CCDD-42BB-BAF1-C64F9E62B4DA}
	EndGlobalSection
	GlobalSection(ProjectConfiguration) = postSolution
		{93F352DB-6470-42FA-AC4C-2A3E621C38A8}.MBCS_Debug.ActiveCfg = MBCS_Debug|Win32
		{93F352DB-6470-42FA-AC4C-2A3E621C38A8}.MBCS_Debug.Build.0 = MBCS_Debug|Win32
		{93F352DB-6470-42FA-AC4C-2A3E621C38A8}.MBCS_Release.ActiveCfg = MBCS_Release|Win32
		{93F352DB-6470-42FA-AC4C-2A3E621C38A8}.MBCS_Release.Build.0 = MBCS_Release|Win32
		{93F352DB-6470-42FA-AC4C-2A3E621C38A8}.Unicode_Debug.ActiveCfg = Unicode_Debug|Win32
		{93F352DB-6470-42FA-AC4C-2A3E621C38A8}.Unicode_Debug.Build.0 = Unicode_Debug|Win32
		{93F352DB-6470-42FA-AC4C-2A3E621C38A8}.Unicode_Release.ActiveCfg = Unicode_Release|Win32
		{93F352DB-6470-42FA-AC4C-2A3E621C38A8}.Unicode_Release.Build.0 = Unicode_Release|Win32
		{C1ED1032-6C88-4591-B881-9B61592B7805}.MBCS_Debug.ActiveCfg = MBCS_Debug|Win32
		{C1ED1032-6C88-4591-B881-9B61592B7805}.MBCS_Debug.Build.0 = MBCS_Debug|Win32
		{C1ED1032-6C88-4591-B881-9B61592B7805}.MBCS_Release.ActiveCfg = MBCS_Release|Win32
		{C1ED1032-6C88-4591-B881-9B61592B7805}.MBCS_Release.Build.0 = MBCS_Release|Win32
		{C1ED1032-6C88-4591-B881-9B61592B7805}.Unicode_Debug.ActiveCfg = Unicode_Debug|Win32
		{C1ED1032-6C88-4591-B881-9B61592B7805}.Unicode_Debug.Build.0 = Unicode_Debug|Win32
		{C1ED1032-6C88-4591-B881-9B61592B7805}.Unicode_Release.ActiveCfg = Unicode_Release|Win32
		{C1ED1032-6C88-4591-B881-9B61592B7805}.Unicode_Release.Build.0 = Unicode_Release|Win32
		{9A5B0E8A-CCDD-42BB-BAF1-C64F9E62B4DA}.MBCS_Debug.ActiveCfg = MBCS_Debug|Win32
		{9A5B0E8A-CCDD-42BB-BAF1-C64F9E62B4DA}.MBCS_Debug.Build.0 = MBCS_Debug|Win32
		{9A5B0E8A-CCDD-42BB-BAF1-C64F9E62B4DA}.MBCS_Release.ActiveCfg = MBCS_Release|Win32
		{9A5B0E8A-CCDD-42BB-BAF1-C64F9E62B4DA}.MBCS_Release.Build.0 = MBCS_Release|Win32
		{9A5B0E8A-CCDD-42BB-BAF1-C64F9E62B4DA}.Unicode_Debug.ActiveCfg = Unicode_Debug|Win32
		{9A5B0E8A-CCDD-42BB-BAF1-C64F9E62B4DA}.Unicode_Debug.Build.0 = Unicode_Debug|Win32
		{9A5B0E8A-CCDD-42BB-BAF1-C64F9E62B4DA}.Unicode_Release.ActiveCfg = Unicode_Release|Win32
		{9A5B0E8A-CCDD-42BB-BAF1-C64F9E62B4DA}.Unicode_Release.Build.0 = Unicode_Release|Win32
	EndGlobalSection
	GlobalSection(ExtensibilityGlobals) = postSolution
	EndGlobalSection
	GlobalSection(ExtensibilityAddIns) = postSolution
	EndGlobalSection
EndGlobal
